
Microsoft Visual Studio Solution File, Format Version 11.00
# Visual C# Express 2010
Project("{FAE04EC0-301F-11D3-BF4B-00C04F79EFBC}") = "Discarded", "Discarded\Discarded\Discarded.csproj", "{975D29B5-EA34-42D8-86CD-23C6788D011C}"
EndProject
Project("{96E2B04D-8817-42C6-938A-82C39BA4D311}") = "DiscardedContent", "Discarded\DiscardedContent\DiscardedContent.contentproj", "{7059CCCF-6AE7-4B6D-81B9-5967D5F5DE0B}"
EndProject
Global
	GlobalSection(SolutionConfigurationPlatforms) = preSolution
		Debug|x86 = Debug|x86
		Release|x86 = Release|x86
	EndGlobalSection
	GlobalSection(ProjectConfigurationPlatforms) = postSolution
		{975D29B5-EA34-42D8-86CD-23C6788D011C}.Debug|x86.ActiveCfg = Debug|x86
		{975D29B5-EA34-42D8-86CD-23C6788D011C}.Debug|x86.Build.0 = Debug|x86
		{975D29B5-EA34-42D8-86CD-23C6788D011C}.Release|x86.ActiveCfg = Release|x86
		{975D29B5-EA34-42D8-86CD-23C6788D011C}.Release|x86.Build.0 = Release|x86
		{7059CCCF-6AE7-4B6D-81B9-5967D5F5DE0B}.Debug|x86.ActiveCfg = Debug|x86
		{7059CCCF-6AE7-4B6D-81B9-5967D5F5DE0B}.Release|x86.ActiveCfg = Release|x86
	EndGlobalSection
	GlobalSection(SolutionProperties) = preSolution
		HideSolutionNode = FALSE
	EndGlobalSection
EndGlobal
